// !$*UTF8*$!
{
	archiveVersion = 1;
	classes = {
	};
	objectVersion = 55;
	objects = {

/* Begin PBXBuildFile section */
		4FEAF97529E48F9400A5CA16 /* AppDelegate.swift in Sources */ = {isa = PBXBuildFile; fileRef = 4FEAF97429E48F9400A5CA16 /* AppDelegate.swift */; };
		4FEAF97729E48F9400A5CA16 /* SceneDelegate.swift in Sources */ = {isa = PBXBuildFile; fileRef = 4FEAF97629E48F9400A5CA16 /* SceneDelegate.swift */; };
		4FEAF97929E48F9400A5CA16 /* ViewController.swift in Sources */ = {isa = PBXBuildFile; fileRef = 4FEAF97829E48F9400A5CA16 /* ViewController.swift */; };
		4FEAF97C29E48F9400A5CA16 /* Main.storyboard in Resources */ = {isa = PBXBuildFile; fileRef = 4FEAF97A29E48F9400A5CA16 /* Main.storyboard */; };
		4FEAF97E29E48F9500A5CA16 /* Assets.xcassets in Resources */ = {isa = PBXBuildFile; fileRef = 4FEAF97D29E48F9500A5CA16 /* Assets.xcassets */; };
		4FEAF98129E48F9500A5CA16 /* LaunchScreen.storyboard in Resources */ = {isa = PBXBuildFile; fileRef = 4FEAF97F29E48F9500A5CA16 /* LaunchScreen.storyboard */; };
		4FEAF98929E48FC400A5CA16 /* CustomCell.swift in Sources */ = {isa = PBXBuildFile; fileRef = 4FEAF98829E48FC400A5CA16 /* CustomCell.swift */; };
		4FEAF98B29E53C7900A5CA16 /* model.swift in Sources */ = {isa = PBXBuildFile; fileRef = 4FEAF98A29E53C7800A5CA16 /* model.swift */; };
		4FEAF98D29E53CB200A5CA16 /* inputData.swift in Sources */ = {isa = PBXBuildFile; fileRef = 4FEAF98C29E53CB200A5CA16 /* inputData.swift */; };
/* End PBXBuildFile section */

/* Begin PBXFileReference section */
		4FEAF97129E48F9400A5CA16 /* sizeclass.app */ = {isa = PBXFileReference; explicitFileType = wrapper.application; includeInIndex = 0; path = sizeclass.app; sourceTree = BUILT_PRODUCTS_DIR; };
		4FEAF97429E48F9400A5CA16 /* AppDelegate.swift */ = {isa = PBXFileReference; lastKnownFileType = sourcecode.swift; path = AppDelegate.swift; sourceTree = "<group>"; };
		4FEAF97629E48F9400A5CA16 /* SceneDelegate.swift */ = {isa = PBXFileReference; lastKnownFileType = sourcecode.swift; path = SceneDelegate.swift; sourceTree = "<group>"; };
		4FEAF97829E48F9400A5CA16 /* ViewController.swift */ = {isa = PBXFileReference; lastKnownFileType = sourcecode.swift; path = ViewController.swift; sourceTree = "<group>"; };
		4FEAF97B29E48F9400A5CA16 /* Base */ = {isa = PBXFileReference; lastKnownFileType = file.storyboard; name = Base; path = Base.lproj/Main.storyboard; sourceTree = "<group>"; };
		4FEAF97D29E48F9500A5CA16 /* Assets.xcassets */ = {isa = PBXFileReference; lastKnownFileType = folder.assetcatalog; path = Assets.xcassets; sourceTree = "<group>"; };
		4FEAF98029E48F9500A5CA16 /* Base */ = {isa = PBXFileReference; lastKnownFileType = file.storyboard; name = Base; path = Base.lproj/LaunchScreen.storyboard; sourceTree = "<group>"; };
		4FEAF98229E48F9500A5CA16 /* Info.plist */ = {isa = PBXFileReference; lastKnownFileType = text.plist.xml; path = Info.plist; sourceTree = "<group>"; };
		4FEAF98829E48FC400A5CA16 /* CustomCell.swift */ = {isa = PBXFileReference; lastKnownFileType = sourcecode.swift; path = CustomCell.swift; sourceTree = "<group>"; };
		4FEAF98A29E53C7800A5CA16 /* model.swift */ = {isa = PBXFileReference; lastKnownFileType = sourcecode.swift; path = model.swift; sourceTree = "<group>"; };
		4FEAF98C29E53CB200A5CA16 /* inputData.swift */ = {isa = PBXFileReference; lastKnownFileType = sourcecode.swift; path = inputData.swift; sourceTree = "<group>"; };
/* End PBXFileReference section */

/* Begin PBXFrameworksBuildPhase section */
		4FEAF96E29E48F9400A5CA16 /* Frameworks */ = {
			isa = PBXFrameworksBuildPhase;
			buildActionMask = 2147483647;
			files = (
			);
			runOnlyForDeploymentPostprocessing = 0;
		};
/* End PBXFrameworksBuildPhase section */

/* Begin PBXGroup section */
		4FEAF96829E48F9400A5CA16 = {
			isa = PBXGroup;
			children = (
				4FEAF97329E48F9400A5CA16 /* sizeclass */,
				4FEAF97229E48F9400A5CA16 /* Products */,
			);
			sourceTree = "<group>";
		};
		4FEAF97229E48F9400A5CA16 /* Products */ = {
			isa = PBXGroup;
			children = (
				4FEAF97129E48F9400A5CA16 /* sizeclass.app */,
			);
			name = Products;
			sourceTree = "<group>";
		};
		4FEAF97329E48F9400A5CA16 /* sizeclass */ = {
			isa = PBXGroup;
			children = (
				4FEAF97429E48F9400A5CA16 /* AppDelegate.swift */,
				4FEAF97629E48F9400A5CA16 /* SceneDelegate.swift */,
				4FEAF97829E48F9400A5CA16 /* ViewController.swift */,
				4FEAF98829E48FC400A5CA16 /* CustomCell.swift */,
				4FEAF98A29E53C7800A5CA16 /* model.swift */,
				4FEAF98C29E53CB200A5CA16 /* inputData.swift */,
				4FEAF97A29E48F9400A5CA16 /* Main.storyboard */,
				4FEAF97D29E48F9500A5CA16 /* Assets.xcassets */,
				4FEAF97F29E48F9500A5CA16 /* LaunchScreen.storyboard */,
				4FEAF98229E48F9500A5CA16 /* Info.plist */,
			);
			path = sizeclass;
			sourceTree = "<group>";
		};
/* End PBXGroup section */

/* Begin PBXNativeTarget section */
		4FEAF97029E48F9400A5CA16 /* sizeclass */ = {
			isa = PBXNativeTarget;
			buildConfigurationList = 4FEAF98529E48F9500A5CA16 /* Build configuration list for PBXNativeTarget "sizeclass" */;
			buildPhases = (
				4FEAF96D29E48F9400A5CA16 /* Sources */,
				4FEAF96E29E48F9400A5CA16 /* Frameworks */,
				4FEAF96F29E48F9400A5CA16 /* Resources */,
			);
			buildRules = (
			);
			dependencies = (
			);
			name = sizeclass;
			productName = sizeclass;
			productReference = 4FEAF97129E48F9400A5CA16 /* sizeclass.app */;
			productType = "com.apple.product-type.application";
		};
/* End PBXNativeTarget section */

/* Begin PBXProject section */
		4FEAF96929E48F9400A5CA16 /* Project object */ = {
			isa = PBXProject;
			attributes = {
				BuildIndependentTargetsInParallel = 1;
				LastSwiftUpdateCheck = 1340;
				LastUpgradeCheck = 1340;
				TargetAttributes = {
					4FEAF97029E48F9400A5CA16 = {
						CreatedOnToolsVersion = 13.4.1;
					};
				};
			};
			buildConfigurationList = 4FEAF96C29E48F9400A5CA16 /* Build configuration list for PBXProject "sizeclass" */;
			compatibilityVersion = "Xcode 13.0";
			developmentRegion = en;
			hasScannedForEncodings = 0;
			knownRegions = (
				en,
				Base,
			);
			mainGroup = 4FEAF96829E48F9400A5CA16;
			productRefGroup = 4FEAF97229E48F9400A5CA16 /* Products */;
			projectDirPath = "";
			projectRoot = "";
			targets = (
				4FEAF97029E48F9400A5CA16 /* sizeclass */,
			);
		};
/* End PBXProject section */

/* Begin PBXResourcesBuildPhase section */
		4FEAF96F29E48F9400A5CA16 /* Resources */ = {
			isa = PBXResourcesBuildPhase;
			buildActionMask = 2147483647;
			files = (
				4FEAF98129E48F9500A5CA16 /* LaunchScreen.storyboard in Resources */,
				4FEAF97E29E48F9500A5CA16 /* Assets.xcassets in Resources */,
				4FEAF97C29E48F9400A5CA16 /* Main.storyboard in Resources */,
			);
			runOnlyForDeploymentPostprocessing = 0;
		};
/* End PBXResourcesBuildPhase section */

/* Begin PBXSourcesBuildPhase section */
		4FEAF96D29E48F9400A5CA16 /* Sources */ = {
			isa = PBXSourcesBuildPhase;
			buildActionMask = 2147483647;
			files = (
				4FEAF98B29E53C7900A5CA16 /* model.swift in Sources */,
				4FEAF97929E48F9400A5CA16 /* ViewController.swift in Sources */,
				4FEAF98D29E53CB200A5CA16 /* inputData.swift in Sources */,
				4FEAF97529E48F9400A5CA16 /* AppDelegate.swift in Sources */,
				4FEAF98929E48FC400A5CA16 /* CustomCell.swift in Sources */,
				4FEAF97729E48F9400A5CA16 /* SceneDelegate.swift in Sources */,
			);
			runOnlyForDeploymentPostprocessing = 0;
		};
/* End PBXSourcesBuildPhase section */

/* Begin PBXVariantGroup section */
		4FEAF97A29E48F9400A5CA16 /* Main.storyboard */ = {
			isa = PBXVariantGroup;
			children = (
				4FEAF97B29E48F9400A5CA16 /* Base */,
			);
			name = Main.storyboard;
			sourceTree = "<group>";
		};
		4FEAF97F29E48F9500A5CA16 /* LaunchScreen.storyboard */ = {
			isa = PBXVariantGroup;
			children = (
				4FEAF98029E48F9500A5CA16 /* Base */,
			);
			name = LaunchScreen.storyboard;
			sourceTree = "<group>";
		};
/* End PBXVariantGroup section */

/* Begin XCBuildConfiguration section */
		4FEAF98329E48F9500A5CA16 /* Debug */ = {
			isa = XCBuildConfiguration;
			buildSettings = {
				ALWAYS_SEARCH_USER_PATHS = NO;
				CLANG_ANALYZER_NONNULL = YES;
				CLANG_ANALYZER_NUMBER_OBJECT_CONVERSION = YES_AGGRESSIVE;
				CLANG_CXX_LANGUAGE_STANDARD = "gnu++17";
				CLANG_ENABLE_MODULES = YES;
				CLANG_ENABLE_OBJC_ARC = YES;
				CLANG_ENABLE_OBJC_WEAK = YES;
				CLANG_WARN_BLOCK_CAPTURE_AUTORELEASING = YES;
				CLANG_WARN_BOOL_CONVERSION = YES;
				CLANG_WARN_COMMA = YES;
				CLANG_WARN_CONSTANT_CONVERSION = YES;
				CLANG_WARN_DEPRECATED_OBJC_IMPLEMENTATIONS = YES;
				CLANG_WARN_DIRECT_OBJC_ISA_USAGE = YES_ERROR;
				CLANG_WARN_DOCUMENTATION_COMMENTS = YES;
				CLANG_WARN_EMPTY_BODY = YES;
				CLANG_WARN_ENUM_CONVERSION = YES;
				CLANG_WARN_INFINITE_RECURSION = YES;
				CLANG_WARN_INT_CONVERSION = YES;
				CLANG_WARN_NON_LITERAL_NULL_CONVERSION = YES;
				CLANG_WARN_OBJC_IMPLICIT_RETAIN_SELF = YES;
				CLANG_WARN_OBJC_LITERAL_CONVERSION = YES;
				CLANG_WARN_OBJC_ROOT_CLASS = YES_ERROR;
				CLANG_WARN_QUOTED_INCLUDE_IN_FRAMEWORK_HEADER = YES;
				CLANG_WARN_RANGE_LOOP_ANALYSIS = YES;
				CLANG_WARN_STRICT_PROTOTYPES = YES;
				CLANG_WARN_SUSPICIOUS_MOVE = YES;
				CLANG_WARN_UNGUARDED_AVAILABILITY = YES_AGGRESSIVE;
				CLANG_WARN_UNREACHABLE_CODE = YES;
				CLANG_WARN__DUPLICATE_METHOD_MATCH = YES;
				COPY_PHASE_STRIP = NO;
				DEBUG_INFORMATION_FORMAT = dwarf;
				ENABLE_STRICT_OBJC_MSGSEND = YES;
				ENABLE_TESTABILITY = YES;
				GCC_C_LANGUAGE_STANDARD = gnu11;
				GCC_DYNAMIC_NO_PIC = NO;
				GCC_NO_COMMON_BLOCKS = YES;
				GCC_OPTIMIZATION_LEVEL = 0;
				GCC_PREPROCESSOR_DEFINITIONS = (
					"DEBUG=1",
					"$(inherited)",
				);
				GCC_WARN_64_TO_32_BIT_CONVERSION = YES;
				GCC_WARN_ABOUT_RETURN_TYPE = YES_ERROR;
				GCC_WARN_UNDECLARED_SELECTOR = YES;
				GCC_WARN_UNINITIALIZED_AUTOS = YES_AGGRESSIVE;
				GCC_WARN_UNUSED_FUNCTION = YES;
				GCC_WARN_UNUSED_VARIABLE = YES;
				IPHONEOS_DEPLOYMENT_TARGET = 15.5;
				MTL_ENABLE_DEBUG_INFO = INCLUDE_SOURCE;
				MTL_FAST_MATH = YES;
				ONLY_ACTIVE_ARCH = YES;
				SDKROOT = iphoneos;
				SWIFT_ACTIVE_COMPILATION_CONDITIONS = DEBUG;
				SWIFT_OPTIMIZATION_LEVEL = "-Onone";
			};
			name = Debug;
		};
		4FEAF98429E48F9500A5CA16 /* Release */ = {
			isa = XCBuildConfiguration;
			buildSettings = {
				ALWAYS_SEARCH_USER_PATHS = NO;
				CLANG_ANALYZER_NONNULL = YES;
				CLANG_ANALYZER_NUMBER_OBJECT_CONVERSION = YES_AGGRESSIVE;
				CLANG_CXX_LANGUAGE_STANDARD = "gnu++17";
				CLANG_ENABLE_MODULES = YES;
				CLANG_ENABLE_OBJC_ARC = YES;
				CLANG_ENABLE_OBJC_WEAK = YES;
				CLANG_WARN_BLOCK_CAPTURE_AUTORELEASING = YES;
				CLANG_WARN_BOOL_CONVERSION = YES;
				CLANG_WARN_COMMA = YES;
				CLANG_WARN_CONSTANT_CONVERSION = YES;
				CLANG_WARN_DEPRECATED_OBJC_IMPLEMENTATIONS = YES;
				CLANG_WARN_DIRECT_OBJC_ISA_USAGE = YES_ERROR;
				CLANG_WARN_DOCUMENTATION_COMMENTS = YES;
				CLANG_WARN_EMPTY_BODY = YES;
				CLANG_WARN_ENUM_CONVERSION = YES;
				CLANG_WARN_INFINITE_RECURSION = YES;
				CLANG_WARN_INT_CONVERSION = YES;
				CLANG_WARN_NON_LITERAL_NULL_CONVERSION = YES;
				CLANG_WARN_OBJC_IMPLICIT_RETAIN_SELF = YES;
				CLANG_WARN_OBJC_LITERAL_CONVERSION = YES;
				CLANG_WARN_OBJC_ROOT_CLASS = YES_ERROR;
				CLANG_WARN_QUOTED_INCLUDE_IN_FRAMEWORK_HEADER = YES;
				CLANG_WARN_RANGE_LOOP_ANALYSIS = YES;
				CLANG_WARN_STRICT_PROTOTYPES = YES;
				CLANG_WARN_SUSPICIOUS_MOVE = YES;
				CLANG_WARN_UNGUARDED_AVAILABILITY = YES_AGGRESSIVE;
				CLANG_WARN_UNREACHABLE_CODE = YES;
				CLANG_WARN__DUPLICATE_METHOD_MATCH = YES;
				COPY_PHASE_STRIP = NO;
				DEBUG_INFORMATION_FORMAT = "dwarf-with-dsym";
				ENABLE_NS_ASSERTIONS = NO;
				ENABLE_STRICT_OBJC_MSGSEND = YES;
				GCC_C_LANGUAGE_STANDARD = gnu11;
				GCC_NO_COMMON_BLOCKS = YES;
				GCC_WARN_64_TO_32_BIT_CONVERSION = YES;
				GCC_WARN_ABOUT_RETURN_TYPE = YES_ERROR;
				GCC_WARN_UNDECLARED_SELECTOR = YES;
				GCC_WARN_UNINITIALIZED_AUTOS = YES_AGGRESSIVE;
				GCC_WARN_UNUSED_FUNCTION = YES;
				GCC_WARN_UNUSED_VARIABLE = YES;
				IPHONEOS_DEPLOYMENT_TARGET = 15.5;
				MTL_ENABLE_DEBUG_INFO = NO;
				MTL_FAST_MATH = YES;
				SDKROOT = iphoneos;
				SWIFT_COMPILATION_MODE = wholemodule;
				SWIFT_OPTIMIZATION_LEVEL = "-O";
				VALIDATE_PRODUCT = YES;
			};
			name = Release;
		};
		4FEAF98629E48F9500A5CA16 /* Debug */ = {
			isa = XCBuildConfiguration;
			buildSettings = {
				ASSETCATALOG_COMPILER_APPICON_NAME = AppIcon;
				ASSETCATALOG_COMPILER_GLOBAL_ACCENT_COLOR_NAME = AccentColor;
				CODE_SIGN_STYLE = Automatic;
				CURRENT_PROJECT_VERSION = 1;
				GENERATE_INFOPLIST_FILE = YES;
				INFOPLIST_FILE = sizeclass/Info.plist;
				INFOPLIST_KEY_UIApplicationSupportsIndirectInputEvents = YES;
				INFOPLIST_KEY_UILaunchStoryboardName = LaunchScreen;
				INFOPLIST_KEY_UIMainStoryboardFile = Main;
				INFOPLIST_KEY_UISupportedInterfaceOrientations_iPad = "UIInterfaceOrientationPortrait UIInterfaceOrientationPortraitUpsideDown UIInterfaceOrientationLandscapeLeft UIInterfaceOrientationLandscapeRight";
				INFOPLIST_KEY_UISupportedInterfaceOrientations_iPhone = "UIInterfaceOrientationPortrait UIInterfaceOrientationLandscapeLeft UIInterfaceOrientationLandscapeRight";
				LD_RUNPATH_SEARCH_PATHS = (
					"$(inherited)",
					"@executable_path/Frameworks",
				);
				MARKETING_VERSION = 1.0;
				PRODUCT_BUNDLE_IDENTIFIER = com.vansh.sizeclass;
				PRODUCT_NAME = "$(TARGET_NAME)";
				SWIFT_EMIT_LOC_STRINGS = YES;
				SWIFT_VERSION = 5.0;
				TARGETED_DEVICE_FAMILY = "1,2";
			};
			name = Debug;
		};
		4FEAF98729E48F9500A5CA16 /* Release */ = {
			isa = XCBuildConfiguration;
			buildSettings = {
				ASSETCATALOG_COMPILER_APPICON_NAME = AppIcon;
				ASSETCATALOG_COMPILER_GLOBAL_ACCENT_COLOR_NAME = AccentColor;
				CODE_SIGN_STYLE = Automatic;
				CURRENT_PROJECT_VERSION = 1;
				GENERATE_INFOPLIST_FILE = YES;
				INFOPLIST_FILE = sizeclass/Info.plist;
				INFOPLIST_KEY_UIApplicationSupportsIndirectInputEvents = YES;
				INFOPLIST_KEY_UILaunchStoryboardName = LaunchScreen;
				INFOPLIST_KEY_UIMainStoryboardFile = Main;
				INFOPLIST_KEY_UISupportedInterfaceOrientations_iPad = "UIInterfaceOrientationPortrait UIInterfaceOrientationPortraitUpsideDown UIInterfaceOrientationLandscapeLeft UIInterfaceOrientationLandscapeRight";
				INFOPLIST_KEY_UISupportedInterfaceOrientations_iPhone = "UIInterfaceOrientationPortrait UIInterfaceOrientationLandscapeLeft UIInterfaceOrientationLandscapeRight";
				LD_RUNPATH_SEARCH_PATHS = (
					"$(inherited)",
					"@executable_path/Frameworks",
				);
				MARKETING_VERSION = 1.0;
				PRODUCT_BUNDLE_IDENTIFIER = com.vansh.sizeclass;
				PRODUCT_NAME = "$(TARGET_NAME)";
				SWIFT_EMIT_LOC_STRINGS = YES;
				SWIFT_VERSION = 5.0;
				TARGETED_DEVICE_FAMILY = "1,2";
			};
			name = Release;
		};
/* End XCBuildConfiguration section */

/* Begin XCConfigurationList section */
		4FEAF96C29E48F9400A5CA16 /* Build configuration list for PBXProject "sizeclass" */ = {
			isa = XCConfigurationList;
			buildConfigurations = (
				4FEAF98329E48F9500A5CA16 /* Debug */,
				4FEAF98429E48F9500A5CA16 /* Release */,
			);
			defaultConfigurationIsVisible = 0;
			defaultConfigurationName = Release;
		};
		4FEAF98529E48F9500A5CA16 /* Build configuration list for PBXNativeTarget "sizeclass" */ = {
			isa = XCConfigurationList;
			buildConfigurations = (
				4FEAF98629E48F9500A5CA16 /* Debug */,
				4FEAF98729E48F9500A5CA16 /* Release */,
			);
			defaultConfigurationIsVisible = 0;
			defaultConfigurationName = Release;
		};
/* End XCConfigurationList section */
	};
	rootObject = 4FEAF96929E48F9400A5CA16 /* Project object */;
}
